// !$*UTF8*$!
{
	archiveVersion = 1;
	classes = {
	};
	objectVersion = 56;
	objects = {

/* Begin PBXBuildFile section */
		181EB57B29FD207400E044CC /* GetAllCharactersResponse.swift in Sources */ = {isa = PBXBuildFile; fileRef = 181EB57A29FD207400E044CC /* GetAllCharactersResponse.swift */; };
		181EB57D29FD2E5600E044CC /* RMCharacterListViewModel.swift in Sources */ = {isa = PBXBuildFile; fileRef = 181EB57C29FD2E5600E044CC /* RMCharacterListViewModel.swift */; };
		181EB57F29FD2EFF00E044CC /* RMCharacterListView.swift in Sources */ = {isa = PBXBuildFile; fileRef = 181EB57E29FD2EFE00E044CC /* RMCharacterListView.swift */; };
		181EB58229FD2FC600E044CC /* SnapKit in Frameworks */ = {isa = PBXBuildFile; productRef = 181EB58129FD2FC600E044CC /* SnapKit */; };
		181EB58429FD36B200E044CC /* Extensions.swift in Sources */ = {isa = PBXBuildFile; fileRef = 181EB58329FD36B200E044CC /* Extensions.swift */; };
		181EB58629FD43AA00E044CC /* RMCharacterCollectionViewCell.swift in Sources */ = {isa = PBXBuildFile; fileRef = 181EB58529FD43AA00E044CC /* RMCharacterCollectionViewCell.swift */; };
		181EB58829FD455D00E044CC /* RMCharacterCollectionViewCellViewModel.swift in Sources */ = {isa = PBXBuildFile; fileRef = 181EB58729FD455D00E044CC /* RMCharacterCollectionViewCellViewModel.swift */; };
		18AA01C929FBBAE000D5D067 /* AppDelegate.swift in Sources */ = {isa = PBXBuildFile; fileRef = 18AA01C829FBBAE000D5D067 /* AppDelegate.swift */; };
		18AA01CB29FBBAE000D5D067 /* SceneDelegate.swift in Sources */ = {isa = PBXBuildFile; fileRef = 18AA01CA29FBBAE000D5D067 /* SceneDelegate.swift */; };
		18AA01CD29FBBAE000D5D067 /* RMTabBarController.swift in Sources */ = {isa = PBXBuildFile; fileRef = 18AA01CC29FBBAE000D5D067 /* RMTabBarController.swift */; };
		18AA01D229FBBAE100D5D067 /* Assets.xcassets in Resources */ = {isa = PBXBuildFile; fileRef = 18AA01D129FBBAE100D5D067 /* Assets.xcassets */; };
		18AA01D529FBBAE100D5D067 /* LaunchScreen.storyboard in Resources */ = {isa = PBXBuildFile; fileRef = 18AA01D329FBBAE100D5D067 /* LaunchScreen.storyboard */; };
		18AA01E429FBBCA600D5D067 /* RMLocation.swift in Sources */ = {isa = PBXBuildFile; fileRef = 18AA01E329FBBCA600D5D067 /* RMLocation.swift */; };
		18AA01E629FBBCCF00D5D067 /* RMCharacter.swift in Sources */ = {isa = PBXBuildFile; fileRef = 18AA01E529FBBCCF00D5D067 /* RMCharacter.swift */; };
		18AA01E829FBBCDD00D5D067 /* RMEpisodes.swift in Sources */ = {isa = PBXBuildFile; fileRef = 18AA01E729FBBCDD00D5D067 /* RMEpisodes.swift */; };
		18AA01EB29FBBD7700D5D067 /* RMCharacterViewController.swift in Sources */ = {isa = PBXBuildFile; fileRef = 18AA01EA29FBBD7700D5D067 /* RMCharacterViewController.swift */; };
		18AA01ED29FBBD8400D5D067 /* RMLocationViewController.swift in Sources */ = {isa = PBXBuildFile; fileRef = 18AA01EC29FBBD8400D5D067 /* RMLocationViewController.swift */; };
		18AA01EF29FBBD9400D5D067 /* RMEpisodesViewController.swift in Sources */ = {isa = PBXBuildFile; fileRef = 18AA01EE29FBBD9400D5D067 /* RMEpisodesViewController.swift */; };
		18AA01F129FBBD9E00D5D067 /* RMSettingsViewController.swift in Sources */ = {isa = PBXBuildFile; fileRef = 18AA01F029FBBD9E00D5D067 /* RMSettingsViewController.swift */; };
		18AA01F329FBCC1600D5D067 /* RMService.swift in Sources */ = {isa = PBXBuildFile; fileRef = 18AA01F229FBCC1600D5D067 /* RMService.swift */; };
		18AA01F529FBCC2200D5D067 /* RMRequest.swift in Sources */ = {isa = PBXBuildFile; fileRef = 18AA01F429FBCC2200D5D067 /* RMRequest.swift */; };
		18AA01F729FBCCD300D5D067 /* RMEndpoint.swift in Sources */ = {isa = PBXBuildFile; fileRef = 18AA01F629FBCCD300D5D067 /* RMEndpoint.swift */; };
		18AA01F929FBD3BF00D5D067 /* RMOrigin.swift in Sources */ = {isa = PBXBuildFile; fileRef = 18AA01F829FBD3BF00D5D067 /* RMOrigin.swift */; };
		18AA01FB29FBD43200D5D067 /* RMSingleLocation.swift in Sources */ = {isa = PBXBuildFile; fileRef = 18AA01FA29FBD43200D5D067 /* RMSingleLocation.swift */; };
		18AA01FD29FBDB1700D5D067 /* RMCharacterStatus.swift in Sources */ = {isa = PBXBuildFile; fileRef = 18AA01FC29FBDB1700D5D067 /* RMCharacterStatus.swift */; };
		18AA01FF29FBDB4400D5D067 /* RMCharacterGender.swift in Sources */ = {isa = PBXBuildFile; fileRef = 18AA01FE29FBDB4400D5D067 /* RMCharacterGender.swift */; };
/* End PBXBuildFile section */

/* Begin PBXFileReference section */
		181EB57A29FD207400E044CC /* GetAllCharactersResponse.swift */ = {isa = PBXFileReference; lastKnownFileType = sourcecode.swift; path = GetAllCharactersResponse.swift; sourceTree = "<group>"; };
		181EB57C29FD2E5600E044CC /* RMCharacterListViewModel.swift */ = {isa = PBXFileReference; lastKnownFileType = sourcecode.swift; path = RMCharacterListViewModel.swift; sourceTree = "<group>"; };
		181EB57E29FD2EFE00E044CC /* RMCharacterListView.swift */ = {isa = PBXFileReference; lastKnownFileType = sourcecode.swift; path = RMCharacterListView.swift; sourceTree = "<group>"; };
		181EB58329FD36B200E044CC /* Extensions.swift */ = {isa = PBXFileReference; lastKnownFileType = sourcecode.swift; path = Extensions.swift; sourceTree = "<group>"; };
		181EB58529FD43AA00E044CC /* RMCharacterCollectionViewCell.swift */ = {isa = PBXFileReference; lastKnownFileType = sourcecode.swift; path = RMCharacterCollectionViewCell.swift; sourceTree = "<group>"; };
		181EB58729FD455D00E044CC /* RMCharacterCollectionViewCellViewModel.swift */ = {isa = PBXFileReference; lastKnownFileType = sourcecode.swift; path = RMCharacterCollectionViewCellViewModel.swift; sourceTree = "<group>"; };
		18AA01C529FBBAE000D5D067 /* RickAndMorty.app */ = {isa = PBXFileReference; explicitFileType = wrapper.application; includeInIndex = 0; path = RickAndMorty.app; sourceTree = BUILT_PRODUCTS_DIR; };
		18AA01C829FBBAE000D5D067 /* AppDelegate.swift */ = {isa = PBXFileReference; lastKnownFileType = sourcecode.swift; path = AppDelegate.swift; sourceTree = "<group>"; };
		18AA01CA29FBBAE000D5D067 /* SceneDelegate.swift */ = {isa = PBXFileReference; lastKnownFileType = sourcecode.swift; path = SceneDelegate.swift; sourceTree = "<group>"; };
		18AA01CC29FBBAE000D5D067 /* RMTabBarController.swift */ = {isa = PBXFileReference; lastKnownFileType = sourcecode.swift; path = RMTabBarController.swift; sourceTree = "<group>"; };
		18AA01D129FBBAE100D5D067 /* Assets.xcassets */ = {isa = PBXFileReference; lastKnownFileType = folder.assetcatalog; path = Assets.xcassets; sourceTree = "<group>"; };
		18AA01D429FBBAE100D5D067 /* Base */ = {isa = PBXFileReference; lastKnownFileType = file.storyboard; name = Base; path = Base.lproj/LaunchScreen.storyboard; sourceTree = "<group>"; };
		18AA01D629FBBAE100D5D067 /* Info.plist */ = {isa = PBXFileReference; lastKnownFileType = text.plist.xml; path = Info.plist; sourceTree = "<group>"; };
		18AA01E329FBBCA600D5D067 /* RMLocation.swift */ = {isa = PBXFileReference; lastKnownFileType = sourcecode.swift; path = RMLocation.swift; sourceTree = "<group>"; };
		18AA01E529FBBCCF00D5D067 /* RMCharacter.swift */ = {isa = PBXFileReference; lastKnownFileType = sourcecode.swift; path = RMCharacter.swift; sourceTree = "<group>"; };
		18AA01E729FBBCDD00D5D067 /* RMEpisodes.swift */ = {isa = PBXFileReference; lastKnownFileType = sourcecode.swift; path = RMEpisodes.swift; sourceTree = "<group>"; };
		18AA01EA29FBBD7700D5D067 /* RMCharacterViewController.swift */ = {isa = PBXFileReference; lastKnownFileType = sourcecode.swift; path = RMCharacterViewController.swift; sourceTree = "<group>"; };
		18AA01EC29FBBD8400D5D067 /* RMLocationViewController.swift */ = {isa = PBXFileReference; lastKnownFileType = sourcecode.swift; path = RMLocationViewController.swift; sourceTree = "<group>"; };
		18AA01EE29FBBD9400D5D067 /* RMEpisodesViewController.swift */ = {isa = PBXFileReference; lastKnownFileType = sourcecode.swift; path = RMEpisodesViewController.swift; sourceTree = "<group>"; };
		18AA01F029FBBD9E00D5D067 /* RMSettingsViewController.swift */ = {isa = PBXFileReference; lastKnownFileType = sourcecode.swift; path = RMSettingsViewController.swift; sourceTree = "<group>"; };
		18AA01F229FBCC1600D5D067 /* RMService.swift */ = {isa = PBXFileReference; lastKnownFileType = sourcecode.swift; path = RMService.swift; sourceTree = "<group>"; };
		18AA01F429FBCC2200D5D067 /* RMRequest.swift */ = {isa = PBXFileReference; lastKnownFileType = sourcecode.swift; path = RMRequest.swift; sourceTree = "<group>"; };
		18AA01F629FBCCD300D5D067 /* RMEndpoint.swift */ = {isa = PBXFileReference; lastKnownFileType = sourcecode.swift; path = RMEndpoint.swift; sourceTree = "<group>"; };
		18AA01F829FBD3BF00D5D067 /* RMOrigin.swift */ = {isa = PBXFileReference; lastKnownFileType = sourcecode.swift; path = RMOrigin.swift; sourceTree = "<group>"; };
		18AA01FA29FBD43200D5D067 /* RMSingleLocation.swift */ = {isa = PBXFileReference; lastKnownFileType = sourcecode.swift; path = RMSingleLocation.swift; sourceTree = "<group>"; };
		18AA01FC29FBDB1700D5D067 /* RMCharacterStatus.swift */ = {isa = PBXFileReference; lastKnownFileType = sourcecode.swift; path = RMCharacterStatus.swift; sourceTree = "<group>"; };
		18AA01FE29FBDB4400D5D067 /* RMCharacterGender.swift */ = {isa = PBXFileReference; lastKnownFileType = sourcecode.swift; path = RMCharacterGender.swift; sourceTree = "<group>"; };
/* End PBXFileReference section */

/* Begin PBXFrameworksBuildPhase section */
		18AA01C229FBBAE000D5D067 /* Frameworks */ = {
			isa = PBXFrameworksBuildPhase;
			buildActionMask = 2147483647;
			files = (
				181EB58229FD2FC600E044CC /* SnapKit in Frameworks */,
			);
			runOnlyForDeploymentPostprocessing = 0;
		};
/* End PBXFrameworksBuildPhase section */

/* Begin PBXGroup section */
		181EB57829FD204800E044CC /* DataTypes */ = {
			isa = PBXGroup;
			children = (
				18AA01E329FBBCA600D5D067 /* RMLocation.swift */,
				18AA01E529FBBCCF00D5D067 /* RMCharacter.swift */,
				18AA01E729FBBCDD00D5D067 /* RMEpisodes.swift */,
				18AA01F829FBD3BF00D5D067 /* RMOrigin.swift */,
				18AA01FA29FBD43200D5D067 /* RMSingleLocation.swift */,
				18AA01FC29FBDB1700D5D067 /* RMCharacterStatus.swift */,
				18AA01FE29FBDB4400D5D067 /* RMCharacterGender.swift */,
			);
			path = DataTypes;
			sourceTree = "<group>";
		};
		181EB57929FD205E00E044CC /* APIResponseTypes */ = {
			isa = PBXGroup;
			children = (
				181EB57A29FD207400E044CC /* GetAllCharactersResponse.swift */,
			);
			path = APIResponseTypes;
			sourceTree = "<group>";
		};
		18AA01BC29FBBAE000D5D067 = {
			isa = PBXGroup;
			children = (
				18AA01C729FBBAE000D5D067 /* RickAndMorty */,
				18AA01C629FBBAE000D5D067 /* Products */,
			);
			sourceTree = "<group>";
		};
		18AA01C629FBBAE000D5D067 /* Products */ = {
			isa = PBXGroup;
			children = (
				18AA01C529FBBAE000D5D067 /* RickAndMorty.app */,
			);
			name = Products;
			sourceTree = "<group>";
		};
		18AA01C729FBBAE000D5D067 /* RickAndMorty */ = {
			isa = PBXGroup;
			children = (
				18AA01E229FBBC4700D5D067 /* Resources */,
				18AA01E129FBBC3900D5D067 /* APIClient */,
				18AA01E029FBBC3000D5D067 /* Managers */,
				18AA01DF29FBBC2300D5D067 /* ViewModel */,
				18AA01DE29FBBC1500D5D067 /* Views */,
				18AA01DD29FBBC0C00D5D067 /* Models */,
				18AA01DC29FBBBFC00D5D067 /* Controllers */,
				18AA01D629FBBAE100D5D067 /* Info.plist */,
			);
			path = RickAndMorty;
			sourceTree = "<group>";
		};
		18AA01DC29FBBBFC00D5D067 /* Controllers */ = {
			isa = PBXGroup;
			children = (
				18AA01E929FBBD5600D5D067 /* Core */,
			);
			path = Controllers;
			sourceTree = "<group>";
		};
		18AA01DD29FBBC0C00D5D067 /* Models */ = {
			isa = PBXGroup;
			children = (
				181EB57929FD205E00E044CC /* APIResponseTypes */,
				181EB57829FD204800E044CC /* DataTypes */,
			);
			path = Models;
			sourceTree = "<group>";
		};
		18AA01DE29FBBC1500D5D067 /* Views */ = {
			isa = PBXGroup;
			children = (
				181EB57E29FD2EFE00E044CC /* RMCharacterListView.swift */,
				181EB58529FD43AA00E044CC /* RMCharacterCollectionViewCell.swift */,
			);
			path = Views;
			sourceTree = "<group>";
		};
		18AA01DF29FBBC2300D5D067 /* ViewModel */ = {
			isa = PBXGroup;
			children = (
				181EB57C29FD2E5600E044CC /* RMCharacterListViewModel.swift */,
				181EB58729FD455D00E044CC /* RMCharacterCollectionViewCellViewModel.swift */,
			);
			path = ViewModel;
			sourceTree = "<group>";
		};
		18AA01E029FBBC3000D5D067 /* Managers */ = {
			isa = PBXGroup;
			children = (
			);
			path = Managers;
			sourceTree = "<group>";
		};
		18AA01E129FBBC3900D5D067 /* APIClient */ = {
			isa = PBXGroup;
			children = (
				18AA01F229FBCC1600D5D067 /* RMService.swift */,
				18AA01F429FBCC2200D5D067 /* RMRequest.swift */,
				18AA01F629FBCCD300D5D067 /* RMEndpoint.swift */,
			);
			path = APIClient;
			sourceTree = "<group>";
		};
		18AA01E229FBBC4700D5D067 /* Resources */ = {
			isa = PBXGroup;
			children = (
				18AA01D129FBBAE100D5D067 /* Assets.xcassets */,
				18AA01D329FBBAE100D5D067 /* LaunchScreen.storyboard */,
				18AA01C829FBBAE000D5D067 /* AppDelegate.swift */,
				18AA01CA29FBBAE000D5D067 /* SceneDelegate.swift */,
				181EB58329FD36B200E044CC /* Extensions.swift */,
			);
			path = Resources;
			sourceTree = "<group>";
		};
		18AA01E929FBBD5600D5D067 /* Core */ = {
			isa = PBXGroup;
			children = (
				18AA01CC29FBBAE000D5D067 /* RMTabBarController.swift */,
				18AA01EA29FBBD7700D5D067 /* RMCharacterViewController.swift */,
				18AA01EC29FBBD8400D5D067 /* RMLocationViewController.swift */,
				18AA01EE29FBBD9400D5D067 /* RMEpisodesViewController.swift */,
				18AA01F029FBBD9E00D5D067 /* RMSettingsViewController.swift */,
			);
			path = Core;
			sourceTree = "<group>";
		};
/* End PBXGroup section */

/* Begin PBXNativeTarget section */
		18AA01C429FBBAE000D5D067 /* RickAndMorty */ = {
			isa = PBXNativeTarget;
			buildConfigurationList = 18AA01D929FBBAE100D5D067 /* Build configuration list for PBXNativeTarget "RickAndMorty" */;
			buildPhases = (
				18AA01C129FBBAE000D5D067 /* Sources */,
				18AA01C229FBBAE000D5D067 /* Frameworks */,
				18AA01C329FBBAE000D5D067 /* Resources */,
			);
			buildRules = (
			);
			dependencies = (
			);
			name = RickAndMorty;
			packageProductDependencies = (
				181EB58129FD2FC600E044CC /* SnapKit */,
			);
			productName = RickAndMorty;
			productReference = 18AA01C529FBBAE000D5D067 /* RickAndMorty.app */;
			productType = "com.apple.product-type.application";
		};
/* End PBXNativeTarget section */

/* Begin PBXProject section */
		18AA01BD29FBBAE000D5D067 /* Project object */ = {
			isa = PBXProject;
			attributes = {
				BuildIndependentTargetsInParallel = 1;
				LastSwiftUpdateCheck = 1420;
				LastUpgradeCheck = 1420;
				TargetAttributes = {
					18AA01C429FBBAE000D5D067 = {
						CreatedOnToolsVersion = 14.2;
					};
				};
			};
			buildConfigurationList = 18AA01C029FBBAE000D5D067 /* Build configuration list for PBXProject "RickAndMorty" */;
			compatibilityVersion = "Xcode 14.0";
			developmentRegion = en;
			hasScannedForEncodings = 0;
			knownRegions = (
				en,
				Base,
			);
			mainGroup = 18AA01BC29FBBAE000D5D067;
			packageReferences = (
				181EB58029FD2FC600E044CC /* XCRemoteSwiftPackageReference "SnapKit" */,
			);
			productRefGroup = 18AA01C629FBBAE000D5D067 /* Products */;
			projectDirPath = "";
			projectRoot = "";
			targets = (
				18AA01C429FBBAE000D5D067 /* RickAndMorty */,
			);
		};
/* End PBXProject section */

/* Begin PBXResourcesBuildPhase section */
		18AA01C329FBBAE000D5D067 /* Resources */ = {
			isa = PBXResourcesBuildPhase;
			buildActionMask = 2147483647;
			files = (
				18AA01D529FBBAE100D5D067 /* LaunchScreen.storyboard in Resources */,
				18AA01D229FBBAE100D5D067 /* Assets.xcassets in Resources */,
			);
			runOnlyForDeploymentPostprocessing = 0;
		};
/* End PBXResourcesBuildPhase section */

/* Begin PBXSourcesBuildPhase section */
		18AA01C129FBBAE000D5D067 /* Sources */ = {
			isa = PBXSourcesBuildPhase;
			buildActionMask = 2147483647;
			files = (
				18AA01F929FBD3BF00D5D067 /* RMOrigin.swift in Sources */,
				18AA01FB29FBD43200D5D067 /* RMSingleLocation.swift in Sources */,
				181EB57F29FD2EFF00E044CC /* RMCharacterListView.swift in Sources */,
				18AA01FD29FBDB1700D5D067 /* RMCharacterStatus.swift in Sources */,
				18AA01FF29FBDB4400D5D067 /* RMCharacterGender.swift in Sources */,
				18AA01EF29FBBD9400D5D067 /* RMEpisodesViewController.swift in Sources */,
				181EB57B29FD207400E044CC /* GetAllCharactersResponse.swift in Sources */,
				18AA01ED29FBBD8400D5D067 /* RMLocationViewController.swift in Sources */,
				18AA01CD29FBBAE000D5D067 /* RMTabBarController.swift in Sources */,
				181EB58629FD43AA00E044CC /* RMCharacterCollectionViewCell.swift in Sources */,
				18AA01C929FBBAE000D5D067 /* AppDelegate.swift in Sources */,
				18AA01E829FBBCDD00D5D067 /* RMEpisodes.swift in Sources */,
				18AA01E429FBBCA600D5D067 /* RMLocation.swift in Sources */,
				18AA01F129FBBD9E00D5D067 /* RMSettingsViewController.swift in Sources */,
				181EB58429FD36B200E044CC /* Extensions.swift in Sources */,
				18AA01F329FBCC1600D5D067 /* RMService.swift in Sources */,
				18AA01CB29FBBAE000D5D067 /* SceneDelegate.swift in Sources */,
				18AA01F729FBCCD300D5D067 /* RMEndpoint.swift in Sources */,
				18AA01E629FBBCCF00D5D067 /* RMCharacter.swift in Sources */,
				181EB58829FD455D00E044CC /* RMCharacterCollectionViewCellViewModel.swift in Sources */,
				18AA01F529FBCC2200D5D067 /* RMRequest.swift in Sources */,
				18AA01EB29FBBD7700D5D067 /* RMCharacterViewController.swift in Sources */,
				181EB57D29FD2E5600E044CC /* RMCharacterListViewModel.swift in Sources */,
			);
			runOnlyForDeploymentPostprocessing = 0;
		};
/* End PBXSourcesBuildPhase section */

/* Begin PBXVariantGroup section */
		18AA01D329FBBAE100D5D067 /* LaunchScreen.storyboard */ = {
			isa = PBXVariantGroup;
			children = (
				18AA01D429FBBAE100D5D067 /* Base */,
			);
			name = LaunchScreen.storyboard;
			sourceTree = "<group>";
		};
/* End PBXVariantGroup section */

/* Begin XCBuildConfiguration section */
		18AA01D729FBBAE100D5D067 /* Debug */ = {
			isa = XCBuildConfiguration;
			buildSettings = {
				ALWAYS_SEARCH_USER_PATHS = NO;
				CLANG_ANALYZER_NONNULL = YES;
				CLANG_ANALYZER_NUMBER_OBJECT_CONVERSION = YES_AGGRESSIVE;
				CLANG_CXX_LANGUAGE_STANDARD = "gnu++20";
				CLANG_ENABLE_MODULES = YES;
				CLANG_ENABLE_OBJC_ARC = YES;
				CLANG_ENABLE_OBJC_WEAK = YES;
				CLANG_WARN_BLOCK_CAPTURE_AUTORELEASING = YES;
				CLANG_WARN_BOOL_CONVERSION = YES;
				CLANG_WARN_COMMA = YES;
				CLANG_WARN_CONSTANT_CONVERSION = YES;
				CLANG_WARN_DEPRECATED_OBJC_IMPLEMENTATIONS = YES;
				CLANG_WARN_DIRECT_OBJC_ISA_USAGE = YES_ERROR;
				CLANG_WARN_DOCUMENTATION_COMMENTS = YES;
				CLANG_WARN_EMPTY_BODY = YES;
				CLANG_WARN_ENUM_CONVERSION = YES;
				CLANG_WARN_INFINITE_RECURSION = YES;
				CLANG_WARN_INT_CONVERSION = YES;
				CLANG_WARN_NON_LITERAL_NULL_CONVERSION = YES;
				CLANG_WARN_OBJC_IMPLICIT_RETAIN_SELF = YES;
				CLANG_WARN_OBJC_LITERAL_CONVERSION = YES;
				CLANG_WARN_OBJC_ROOT_CLASS = YES_ERROR;
				CLANG_WARN_QUOTED_INCLUDE_IN_FRAMEWORK_HEADER = YES;
				CLANG_WARN_RANGE_LOOP_ANALYSIS = YES;
				CLANG_WARN_STRICT_PROTOTYPES = YES;
				CLANG_WARN_SUSPICIOUS_MOVE = YES;
				CLANG_WARN_UNGUARDED_AVAILABILITY = YES_AGGRESSIVE;
				CLANG_WARN_UNREACHABLE_CODE = YES;
				CLANG_WARN__DUPLICATE_METHOD_MATCH = YES;
				COPY_PHASE_STRIP = NO;
				DEBUG_INFORMATION_FORMAT = dwarf;
				ENABLE_STRICT_OBJC_MSGSEND = YES;
				ENABLE_TESTABILITY = YES;
				GCC_C_LANGUAGE_STANDARD = gnu11;
				GCC_DYNAMIC_NO_PIC = NO;
				GCC_NO_COMMON_BLOCKS = YES;
				GCC_OPTIMIZATION_LEVEL = 0;
				GCC_PREPROCESSOR_DEFINITIONS = (
					"DEBUG=1",
					"$(inherited)",
				);
				GCC_WARN_64_TO_32_BIT_CONVERSION = YES;
				GCC_WARN_ABOUT_RETURN_TYPE = YES_ERROR;
				GCC_WARN_UNDECLARED_SELECTOR = YES;
				GCC_WARN_UNINITIALIZED_AUTOS = YES_AGGRESSIVE;
				GCC_WARN_UNUSED_FUNCTION = YES;
				GCC_WARN_UNUSED_VARIABLE = YES;
				IPHONEOS_DEPLOYMENT_TARGET = 16.2;
				MTL_ENABLE_DEBUG_INFO = INCLUDE_SOURCE;
				MTL_FAST_MATH = YES;
				ONLY_ACTIVE_ARCH = YES;
				SDKROOT = iphoneos;
				SWIFT_ACTIVE_COMPILATION_CONDITIONS = DEBUG;
				SWIFT_OPTIMIZATION_LEVEL = "-Onone";
			};
			name = Debug;
		};
		18AA01D829FBBAE100D5D067 /* Release */ = {
			isa = XCBuildConfiguration;
			buildSettings = {
				ALWAYS_SEARCH_USER_PATHS = NO;
				CLANG_ANALYZER_NONNULL = YES;
				CLANG_ANALYZER_NUMBER_OBJECT_CONVERSION = YES_AGGRESSIVE;
				CLANG_CXX_LANGUAGE_STANDARD = "gnu++20";
				CLANG_ENABLE_MODULES = YES;
				CLANG_ENABLE_OBJC_ARC = YES;
				CLANG_ENABLE_OBJC_WEAK = YES;
				CLANG_WARN_BLOCK_CAPTURE_AUTORELEASING = YES;
				CLANG_WARN_BOOL_CONVERSION = YES;
				CLANG_WARN_COMMA = YES;
				CLANG_WARN_CONSTANT_CONVERSION = YES;
				CLANG_WARN_DEPRECATED_OBJC_IMPLEMENTATIONS = YES;
				CLANG_WARN_DIRECT_OBJC_ISA_USAGE = YES_ERROR;
				CLANG_WARN_DOCUMENTATION_COMMENTS = YES;
				CLANG_WARN_EMPTY_BODY = YES;
				CLANG_WARN_ENUM_CONVERSION = YES;
				CLANG_WARN_INFINITE_RECURSION = YES;
				CLANG_WARN_INT_CONVERSION = YES;
				CLANG_WARN_NON_LITERAL_NULL_CONVERSION = YES;
				CLANG_WARN_OBJC_IMPLICIT_RETAIN_SELF = YES;
				CLANG_WARN_OBJC_LITERAL_CONVERSION = YES;
				CLANG_WARN_OBJC_ROOT_CLASS = YES_ERROR;
				CLANG_WARN_QUOTED_INCLUDE_IN_FRAMEWORK_HEADER = YES;
				CLANG_WARN_RANGE_LOOP_ANALYSIS = YES;
				CLANG_WARN_STRICT_PROTOTYPES = YES;
				CLANG_WARN_SUSPICIOUS_MOVE = YES;
				CLANG_WARN_UNGUARDED_AVAILABILITY = YES_AGGRESSIVE;
				CLANG_WARN_UNREACHABLE_CODE = YES;
				CLANG_WARN__DUPLICATE_METHOD_MATCH = YES;
				COPY_PHASE_STRIP = NO;
				DEBUG_INFORMATION_FORMAT = "dwarf-with-dsym";
				ENABLE_NS_ASSERTIONS = NO;
				ENABLE_STRICT_OBJC_MSGSEND = YES;
				GCC_C_LANGUAGE_STANDARD = gnu11;
				GCC_NO_COMMON_BLOCKS = YES;
				GCC_WARN_64_TO_32_BIT_CONVERSION = YES;
				GCC_WARN_ABOUT_RETURN_TYPE = YES_ERROR;
				GCC_WARN_UNDECLARED_SELECTOR = YES;
				GCC_WARN_UNINITIALIZED_AUTOS = YES_AGGRESSIVE;
				GCC_WARN_UNUSED_FUNCTION = YES;
				GCC_WARN_UNUSED_VARIABLE = YES;
				IPHONEOS_DEPLOYMENT_TARGET = 16.2;
				MTL_ENABLE_DEBUG_INFO = NO;
				MTL_FAST_MATH = YES;
				SDKROOT = iphoneos;
				SWIFT_COMPILATION_MODE = wholemodule;
				SWIFT_OPTIMIZATION_LEVEL = "-O";
				VALIDATE_PRODUCT = YES;
			};
			name = Release;
		};
		18AA01DA29FBBAE100D5D067 /* Debug */ = {
			isa = XCBuildConfiguration;
			buildSettings = {
				ASSETCATALOG_COMPILER_APPICON_NAME = AppIcon;
				ASSETCATALOG_COMPILER_GLOBAL_ACCENT_COLOR_NAME = AccentColor;
				CODE_SIGN_STYLE = Automatic;
				CURRENT_PROJECT_VERSION = 1;
				DEVELOPMENT_TEAM = 772A23CWJC;
				GENERATE_INFOPLIST_FILE = YES;
				INFOPLIST_FILE = RickAndMorty/Info.plist;
				INFOPLIST_KEY_UIApplicationSupportsIndirectInputEvents = YES;
				INFOPLIST_KEY_UILaunchStoryboardName = LaunchScreen;
				INFOPLIST_KEY_UISupportedInterfaceOrientations_iPad = "UIInterfaceOrientationPortrait UIInterfaceOrientationPortraitUpsideDown UIInterfaceOrientationLandscapeLeft UIInterfaceOrientationLandscapeRight";
				INFOPLIST_KEY_UISupportedInterfaceOrientations_iPhone = "UIInterfaceOrientationPortrait UIInterfaceOrientationLandscapeLeft UIInterfaceOrientationLandscapeRight";
				LD_RUNPATH_SEARCH_PATHS = (
					"$(inherited)",
					"@executable_path/Frameworks",
				);
				MARKETING_VERSION = 1.0;
				PRODUCT_BUNDLE_IDENTIFIER = kazakhlegacy.RickAndMorty;
				PRODUCT_NAME = "$(TARGET_NAME)";
				SWIFT_EMIT_LOC_STRINGS = YES;
				SWIFT_VERSION = 5.0;
				TARGETED_DEVICE_FAMILY = "1,2";
			};
			name = Debug;
		};
		18AA01DB29FBBAE100D5D067 /* Release */ = {
			isa = XCBuildConfiguration;
			buildSettings = {
				ASSETCATALOG_COMPILER_APPICON_NAME = AppIcon;
				ASSETCATALOG_COMPILER_GLOBAL_ACCENT_COLOR_NAME = AccentColor;
				CODE_SIGN_STYLE = Automatic;
				CURRENT_PROJECT_VERSION = 1;
				DEVELOPMENT_TEAM = 772A23CWJC;
				GENERATE_INFOPLIST_FILE = YES;
				INFOPLIST_FILE = RickAndMorty/Info.plist;
				INFOPLIST_KEY_UIApplicationSupportsIndirectInputEvents = YES;
				INFOPLIST_KEY_UILaunchStoryboardName = LaunchScreen;
				INFOPLIST_KEY_UISupportedInterfaceOrientations_iPad = "UIInterfaceOrientationPortrait UIInterfaceOrientationPortraitUpsideDown UIInterfaceOrientationLandscapeLeft UIInterfaceOrientationLandscapeRight";
				INFOPLIST_KEY_UISupportedInterfaceOrientations_iPhone = "UIInterfaceOrientationPortrait UIInterfaceOrientationLandscapeLeft UIInterfaceOrientationLandscapeRight";
				LD_RUNPATH_SEARCH_PATHS = (
					"$(inherited)",
					"@executable_path/Frameworks",
				);
				MARKETING_VERSION = 1.0;
				PRODUCT_BUNDLE_IDENTIFIER = kazakhlegacy.RickAndMorty;
				PRODUCT_NAME = "$(TARGET_NAME)";
				SWIFT_EMIT_LOC_STRINGS = YES;
				SWIFT_VERSION = 5.0;
				TARGETED_DEVICE_FAMILY = "1,2";
			};
			name = Release;
		};
/* End XCBuildConfiguration section */

/* Begin XCConfigurationList section */
		18AA01C029FBBAE000D5D067 /* Build configuration list for PBXProject "RickAndMorty" */ = {
			isa = XCConfigurationList;
			buildConfigurations = (
				18AA01D729FBBAE100D5D067 /* Debug */,
				18AA01D829FBBAE100D5D067 /* Release */,
			);
			defaultConfigurationIsVisible = 0;
			defaultConfigurationName = Release;
		};
		18AA01D929FBBAE100D5D067 /* Build configuration list for PBXNativeTarget "RickAndMorty" */ = {
			isa = XCConfigurationList;
			buildConfigurations = (
				18AA01DA29FBBAE100D5D067 /* Debug */,
				18AA01DB29FBBAE100D5D067 /* Release */,
			);
			defaultConfigurationIsVisible = 0;
			defaultConfigurationName = Release;
		};
/* End XCConfigurationList section */

/* Begin XCRemoteSwiftPackageReference section */
		181EB58029FD2FC600E044CC /* XCRemoteSwiftPackageReference "SnapKit" */ = {
			isa = XCRemoteSwiftPackageReference;
			repositoryURL = "https://github.com/SnapKit/SnapKit";
			requirement = {
				kind = exactVersion;
				version = 5.6.0;
			};
		};
/* End XCRemoteSwiftPackageReference section */

/* Begin XCSwiftPackageProductDependency section */
		181EB58129FD2FC600E044CC /* SnapKit */ = {
			isa = XCSwiftPackageProductDependency;
			package = 181EB58029FD2FC600E044CC /* XCRemoteSwiftPackageReference "SnapKit" */;
			productName = SnapKit;
		};
/* End XCSwiftPackageProductDependency section */
	};
	rootObject = 18AA01BD29FBBAE000D5D067 /* Project object */;
}
